Value: eyJ0aW1lc3RhbXAiOjE1MDUzMjUzMzgzMzIsInByb2ZpbGVJZCI6ImYxNzdmZDUwYzJlNzQ2YTc5MGNkN2NlYjIwNjk2YjgyIiwicHJvZmlsZU5hbWUiOiJCbG9jayIsInNpZ25hdHVyZVJlcXVpcmVkIjp0cnVlLCJ0ZXh0dXJlcyI6eyJTS0lOIjp7InVybCI6Imh0dHA6Ly90ZXh0dXJlcy5taW5lY3JhZnQubmV0L3RleHR1cmUvYWUxMWU3NDhlMmQwODA5ZWRjOTk0YzYxM2ZmNWU3YjFmNTFmMzc4ZWQ5ZWVkOWNlYjlhMTEyNGJlOWVjM2EifX19
Signature: QlMUaDu7iTaUmEkTYbimrQjUmY3Y674tYT+j5o+ku3nU+CYKlvXt/1t9xYaVwD0iAJCfIe/8PrbRYiwmyfFcFHQFBU2Pz9kdIkOHjSpH+Pldu5mPsj6x15dNlLIWbutouut10sD7vp/RdwAW9Xsw/h44pQsGMYMC/xwmzJ+BtRI8yfGsKxk4esUy3pp85lFaEbRTBxfZQSsywQVnJOfbQwko/9a1GbQtyCqgwQoDfQDXVdZaztWIDhvFtMH1RskgvZaRKEEsZjvlFkJG/EPAcDEmhADd1JULzK+jlQaDceMMKUMkwbQBm5WqmkKhNxIHQOH4gu/J30I2WNjtOUelgkhru2ZIuMtkkQtCIHuRyOQRJ4F6q3sBl1h3fIT//0HLJ7hdSo2BN3wtQobBCpRbdwyBMBmEoyfpwQemJ/C4GS7rXCID7sQqyXwup0oO1dUZeer9h4cU9FHDGzzaKSnSkTiUiDAsiczuL2/fUmG/XW6EvqYveWGEuH7V+XSPMB6ifPPz75keQjB4gaNUMvoDcWS6kk8r8li4gTJMT34s6r2t1BEUI1bJv+GintEyeiEeZzcpAmeG3uKERLio3KaVFM47OW5ucbkBMYhSsPE2Z5hCuFYkxO5PTKah1jGwxyFZLMTDtnbHmXZ5iB8y43zrWOY3/j6BlGqRpKT8wUuAyj8=
